# This file was autogenerated by Stack.
# You should not edit this file by hand.
# For more information, please see the documentation at:
#   https://docs.haskellstack.org/en/stable/lock_files

packages: []
snapshots:
- completed:
    size: 496635
    url: https://raw.githubusercontent.com/commercialhaskell/stackage-snapshots/master/lts/13/12.yaml
    sha256: 67b74d6acad1342ba8089b75f415c1c63897e3f32091863c921104e8d0bdcfa0
  original: lts-13.12
